302564d54d8e28191fadfd734f2675ecb0c9e0615a58011b89ef15dfa4dbaa96  0.9.3.tar.gz
4cd95ff3b83c433ebc6269d0778d79eb3480b7d5bc873503e1cc3768546bdbec  14.tar.gz
23bc9067e28fe0d37b3cc441f2865b9e022ce3c624babe22918b8dd90c031ee8  LVM2.2.03.39.tgz
fa8a2e12c5e620b09f53e65bcd87550d2e5a1e2e04bf8ba991dcc55113876397  Python-3.12.5.tar.xz
97203a72cae99ab89a067fe2210c1cbf052bc492b479eca7d226d9830883b0bd  acl-2.3.2.tar.xz
39bf67452fa41d0948c2197601053f48b3d78a029389734332a6309a680c6c87  attr-2.5.2.tar.gz
ba885c1319578d6c94d46e9b0dceb4014caafe2490e437a0dbca3f270a223f5a  autoconf-2.72.tar.xz
8920c1fc411e13b90bf704ef9db6f29d540e76d232cb3b2c9f4dc4cc599bd990  automake-1.17.tar.xz
d3ef80d2b67d8cbbe4d3265c63a72c46f9b278ead6e0e06d61801b58f23f50b5  bash-5.2.32.tar.gz
ae470fec429775653e042015edc928d07c8c3b2fc59765172a330d3d87785f86  bc-1.08.2.tar.gz
13f74202a3c4c51118b797a39ea4200d3f6cfbe224da6d1d95bb938480132dfd  binutils-2.43.1.tar.xz
9bba0214ccf7f1079c5d59210045227bcf619519840ebfa80cd3849cff5a5bf2  bison-3.8.2.tar.xz
ab5a03176ee106d3f0fa90e381da478ddae405918153cca248e682cd0c4a2269  bzip2-1.0.8.tar.gz
c46400618b4f1f2b43507f24fb22f3ae830c3416cf23b776e16e1d413aa892f0  cmake-4.4.3.tar.gz
cd328edeac92f6a665de9f323c93b712af1858bc2e0d88f3f7100469470a1b8a  coreutils-9.5.tar.xz
3acfa685f2dd7fcc832e0b77bc7093aa7da554a51ce8dafbb4138eaa854eee35  cryptsetup-2.8.8.tar.xz
fa9ca4d13871dd122f61258a80d01751d603b4d3ee14095d65453b4e846e17d7  dejavu-fonts-ttf-2.37.tar.bz2
3e476657fdb6eeb38b277da3a48d0ac0113ecce5858ebdcddff2b629faed52b4  dhcpcd-10.5.2.tar.xz
90e5e93cc724e4ebe12ede80df1634063c7a855692685919bfe60b556c9bd09e  diffutils-3.10.tar.xz
0c00d4e5c97c8306e5fb932b348b34269c9c29a0e7df0e8e82958b407092bc19  dnsmasq-2.93.tar.xz
ccc8bbb3fb66a7e6f0392693533ac9c8bd4e6283dd1f66992e68ec4d4a9cdee7  dwl-v0.8.tar.gz
0d2e0bf80935c3392b73a60dbff82d8a6ef7ea88b806c2eea964b6837d3fd6c2  e2fsprogs-1.47.1.tar.gz
df76db71366d1d708365fc7a6c60ca48398f14367eb2b8954efc8897147ad871  elfutils-0.191.tar.bz2
8da4319102f24abbf7fff5ce9c416af848df163b29590e666d334cc1927f006f  eudev-3.2.14.tar.gz
908ed4db3a6b3a23a205d8fd4cf2a71089156f2aeae0f54656045aafad2dee32  execline-2.9.9.2.tar.gz
ee14b4c5d8908b1bec37ad937607eab183d4d9806a08adee472c3c3121d27364  expat-2.6.2.tar.xz
fc97f51029bb0e2c9f4e3bffefdaf678f0e039ee872b9de5c002a6d09c784d82  file-5.45.tar.gz
1387e0b67ff247d2abde998f90dfbf70c1491391a59ddfecb8ae698789f0a4f5  findutils-4.10.0.tar.xz
e87aae032bf07c26f85ac0ed3250998c37621d95f8bd748b31f15b33c45ee995  flex-2.6.4.tar.gz
ca9c16d3d11d0ff8c69d79dc0b47267e1329a69b39b799895604ed447d3ca90b  gawk-5.3.0.tar.xz
a7b39bc69cbf9e25826c5a60ab26477001f7c08d85cec04bc0e29cabed6f3cc9  gcc-14.2.0.tar.xz
6a24504a14de4a744103dcb936be976df6fbe88ccff26065e54c1c47946f4a5e  gdbm-1.26.tar.gz
fe10c37353213d78a5b83d48af231e005c4da84db5ce88037d88355938259640  gettext-0.22.5.tar.xz
643552db030e2f2d7ffde4f558e0f5f83d3fabf34a2e0e56ebdb49750ac27b0d  glibc-2.40-fhs-1.patch
19a890175e9263d748f627993de6f4b1af9cd21e03f080e4bfb3a1fac10205a2  glibc-2.40.tar.xz
a3c2b80201b89e68616f4ad30bc66aee4927c3ce50e33929ca819d5c43538898  gmp-6.3.0.tar.xz
588546b945bba4b70b6a3a616e80b4ab466e3f33024a352fc2198112cdbb3ae2  gperf-3.1.tar.gz
1db2aedde89d0dea42b16d9528f894c8d15dae4e190b59aecc78f5a951276eab  grep-3.11.tar.xz
6b9757f592b7518b4902eb6af7e54570bdccba37a871fddb2d30ae3863511c13  groff-1.23.0.tar.gz
f3c97391f7c4eaa677a78e090c7e97e6dc47b16f655f04683ebd37bef7fe0faa  grub-2.12.tar.xz
7454eb6935db17c6655576c2e1b0fabefd38b4d0936e0f87f48cd062ce91a057  gzip-1.13.tar.xz
b4f819bfc3b0f8ea967018948dbf3a71f174a02886d00ee16121739fcd140d6f  havoc-0.7.0.tar.gz
d75462181fbd307228e0a48b8d1449f1773ea4b1f17e8a1d56346907f999ce33  hwdata-0.411.tar.gz
672dbe1ba52b889a46dc07ee3876664ed601983239f82d729d02a002475a5b66  iana-etc-20240806.tar.gz
87697d60a31e10b5cb86a9f0651e1ec7bee98320d048c0739431aac3d5764fb6  inetutils-2.5.tar.xz
91a62f82737b44905a00fa803369c447d549e914e9a2a4018fdd75b1d54e8dce  iproute2-6.10.0.tar.xz
f17a6d7d265cf840dfd8f0f46a606d98c6b5b26dc7cfe27275d1546a213086c8  json-c-0.19-20260627.tar.gz
519f8d087aecca7e0a33cd084bef92c066eb19731666653dcc70c9d71aa40926  kbd-2.6.4.tar.xz
dc768b3155172091f56dc69430b5481f2d76ecd9ccb54ead8c2540dbcf5ea9bc  kmod-33.tar.xz
2b5f0167216e3ef0ffcb0c31c374e287eb035e4e223d5dae315c2783b6e738ed  less-661.tar.gz
2c44d1c5fd0d43752287c9ae1eb9c023f04ef848ea8d4aafa46e9aedb678200b  libaio-0.3.113.tar.gz
23a6ef8aadaf1e3e875f633bb2d116cfef8952dba7bc7c569b13458e1952b30f  libcap-2.70.tar.xz
43b180baa143e2035654759d84e2b2f5ee77d5fe817c423838c7fe59c0d68459  libdisplay-info-0.4.0.tar.xz
5978183f978d697e26a50ba066174964efb0ab97caa1ecaa1b861fbe5ddf77dc  libdrm-2.4.129.tar.xz
0caf824971108f15bb2ad356433bae198d7d3bf1e82d43f63626e069e060bfa6  libevdev-1.13.7.tar.xz
b0dea9df23c863a7a50e825440f3ebffabd65df1497108e5d437747843895a4e  libffi-3.4.6.tar.gz
c97ec2500d4a94ab4d4c9896039d731ea2eb55f6c69f46b12a036fdb5d3adcb2  libinput-1.30.4.tar.gz
274b9b919ef3152bfb3da3a13c950dd60d6e2bcd54230ffeca298d03b40d0525  libmnl-1.0.5.tar.bz2
c97abc3409f8fa396b4462b2bb7f147a3a47a4ddc97cfa0b2f18890c9cfde8b0  libnftnl-1.3.2.tar.xz
b8b45194989022a79ec1317f64a2a75b1551b2a55bea06f67704cb2a2e4690b0  libpipeline-1.5.7.tar.gz
4f7f217f057ce655ff22559ad221a0fd8ef84ad1fc5fcb6990cecc333aa1635d  libtool-2.4.7.tar.xz
e5e1f4caee0a01de2aee26e3138807d6d3ca2b8e67287966d1fefd65e1fd8943  libxcrypt-4.4.36.tar.xz
acc4d5f7c3cbba5f9f8d08d8bdbeede84ecede46792f47929aa9321873385528  libxkbcommon-1.13.2.tar.gz
d2fc041dab4e11d9645e3ba53be058faa52b8ce28a8a97c889bb2cacee170461  linux-6.18.50.tar.xz
deda0b27a359bbee7b6e38ccea341fa91b46ceaf74d4d5945368d3f5dd4fa2e3  linux-hardened-v6.18.50-hardened1.patch
174b7f2866a60f3247ba75f5c7dbb10b124aede4a1359312de15f3bfebd2050f  lynx2.9.3.tar.bz2
63aede5c6d33b6d9b13511cd0be2cac046f2e70fd0a07aa9573a04a82783af96  m4-1.4.19.tar.xz
dd16fb1d67bfab79a72f5e8390735c49e3e8e70b4945a15ab1f81ddb78658fb3  make-4.4.1.tar.gz
ddee249daeb78cf92bab794ccd069cc8b575992265ea20e239e887156e880265  man-db-2.12.1.tar.xz
88afe0c20e52030218924ac37d0c81c59b4b5f3ae3752c8c6d7470c7d365886c  meson-1.12.0.tar.gz
ab642492f5cf882b74aa0cb730cd410a81edcdbec895183ce930e706c1c759b8  mpc-1.3.1.tar.gz
277807353a6726978996945af13e52829e3abd7a9a5b7fb2793894e18f1fcbb2  mpfr-4.2.1.tar.xz
a107adad2101fecac54ac7f9f0e0a0dd155d954193da55c2340c97f2ff1d814e  mtdev-1.1.7.tar.bz2
afd287aa672c48b8e1a93fdb6c6588453d527510d966822b687f2835f0d986e9  nano-8.7.tar.xz
136d91bc269a9a5785e5f9e980bc76ab57428f604ce3e5a5a90cebc767971cc6  ncurses-6.5.tar.gz
a6fbf060d8d4fff001517a2b94f356bb4366bfbf0ba366366f9d27cc38caa58f  nftables-1.1.7.tar.xz
974d6b2f4eeefa25625d34da3cb36bdcebe7fbce40f4c16ac0835fd1c0cbae17  ninja-1.13.2.tar.gz
d44d28a839ea9daf969cc69150fde59910b2b39361dad81a3bd6cbd19218db11  openssh-10.5p1.tar.gz
777cd596284c883375a2a7a11bf5d2786fc5413255efab20c50d6ffe6d020b7e  openssl-3.3.1.tar.gz
ac610bda97abe0d9f6b7c963255a11dcb196c25e337c61f94e4778d632f1d8fd  patch-2.7.6.tar.xz
d5325300ad267624cb0b7d512cfdfcd74fa7fe00c455c5b51a6bd53e5e199ef9  perl-5.40.0.tar.xz
d09c44ebc3bd5bee7021c79f922fe8fb2fb57f7320f55e97ff9914d2346a591c  pixman-0.46.4.tar.gz
3a9080ac51d03615e7c1910a0a2a8df08424892b5f13b0628a204d3fcce0ea8b  pkgconf-2.3.0.tar.xz
c25a4838fc8e4c1c8aacb8bd620edb3084a3d63bf8987fdad3ca2758c63240f9  popt-1.19.tar.gz
22870d6feb2478adb617ce4f09a787addaf2d260c5a8aa7b17d889a962c5e42e  procps-ng-4.0.4.tar.xz
58c55d9c1402474065adae669511c191de374b0871eec781239ab400b907c327  psmisc-23.7.tar.xz
3feb7171f16a84ee82ca18a36d7b9be109a52c04f492a053331d7d1095007c35  readline-8.2.tar.gz
eab9c46e22b66b16135f9a05ec68a0ea287d9060b84d10defaaa2caad158ab52  s6-2.15.1.0.tar.gz
6fad014da162c0c81924197c57d16e1a75c133b34a20e423431a1b741e907b1d  s6-linux-init-1.2.0.2.tar.gz
bf5b8ce0da5a4ee70d642b818b61d9916a7a9b64a457595f388113e54a188688  s6-rc-0.7.0.0.tar.gz
6e226b732e1cd739464ad6862bd1a1aba42d7982922da7a53519631d24975181  sed-4.9.tar.xz
b78e3921a95d53282a38e90628880624736bf6235e36eea50c50835f59a3530b  shadow-4.16.0.tar.xz
f9c905e74935c6fe911c7e344e3e89d5fbd2014c1a04650b524b15ce9b5635d1  skalibs-2.15.1.0.tar.gz
4d62ff37342ec7aed748535323930c7cf94acf71c3591882b26a7ea50f3edc16  tar-1.35.tar.xz
deeec9f19f159e046fdf8ad22231981806dac332cc372f1c763504ad82b30953  texinfo-7.1.tar.xz
d78b37a66f5922d70edf3bdfb01a6b33d34ed3c3cafd6628203b2a2b67c8e8b3  util-linux-2.40.2.tar.xz
64176eaa46e4969903e286f8e5ef8331affc17fdf03ac9b58381d2b23162b7a3  wayland-1.26.0.tar.xz
ec4c8f74942d6dff7ace8b4ce4764f0ef9ff618a935d974ea77edee2ad240b14  wayland-protocols-1.49.tar.xz
5d02693175e5afd9af5f10e3e4976d6e9249dc39a90eb17d23fa5f54b125ccc5  wlroots-0.19.3.tar.gz
b77041324f0109f77161ee43743fe04baa485866af8460d31e476ad3f7648fd5  xkeyboard-config-2.48.tar.xz
4ce24038fd4221e0d13bc1a2de7a4db56e90b92b3bf75321f6c14be73f65de4b  xz-5.8.4.tar.xz
9a93b2b7dfdac77ceba5a558a580e74667dd6fede4585b91eefb60f03b72df23  zlib-1.3.1.tar.gz
8c29e06cf42aacc1eafc4077ae2ec6c6fcb96a626157e0593d5e82a34fd403c1  zstd-1.5.6.tar.gz
