302564d54d8e28191fadfd734f2675ecb0c9e0615a58011b89ef15dfa4dbaa96  0.9.3.tar.gz
4cd95ff3b83c433ebc6269d0778d79eb3480b7d5bc873503e1cc3768546bdbec  14.tar.gz
352703ef5b72ebb22d4f250284a29b89fe64d4049c6bf64c693f9af486c8081e  LVM2.2.03.42.tgz
5c8462af5790baf43a321a1559dbe0db06d1be4300fb85fb53c40060668e548a  Python-3.12.14.tar.xz
e661131456d2708a01c614a0f400e11d7d1bfaeb6f3e74b75bb980b72f0161a3  acl-2.4.0.tar.xz
d42fa374513180bb48cb11a46696f488240e5124ff1e6ad88b0abff706985612  attr-2.6.0.tar.gz
d3ef80d2b67d8cbbe4d3265c63a72c46f9b278ead6e0e06d61801b58f23f50b5  bash-5.2.32.tar.gz
ae470fec429775653e042015edc928d07c8c3b2fc59765172a330d3d87785f86  bc-1.08.2.tar.gz
13f74202a3c4c51118b797a39ea4200d3f6cfbe224da6d1d95bb938480132dfd  binutils-2.43.1.tar.xz
9bba0214ccf7f1079c5d59210045227bcf619519840ebfa80cd3849cff5a5bf2  bison-3.8.2.tar.xz
ab5a03176ee106d3f0fa90e381da478ddae405918153cca248e682cd0c4a2269  bzip2-1.0.8.tar.gz
f66dff1bdf8f96060b8177976f8b7d9254bc89bc4db933d769f7384d28480bc9  cacert-2026-08-13.pem
d6c83076c575bc00b823522ac974bda66d0af05d6ddc30e739c12385cf32c6cc  cmake-4.4.3-linux-x86_64.tar.gz
c46400618b4f1f2b43507f24fb22f3ae830c3416cf23b776e16e1d413aa892f0  cmake-4.4.3.tar.gz
a480198559733e9b3da999e90543ac6f888a2caa544d8d664c5a1f17e528e210  coreutils-9.12.tar.xz
3acfa685f2dd7fcc832e0b77bc7093aa7da554a51ce8dafbb4138eaa854eee35  cryptsetup-2.8.8.tar.xz
fa9ca4d13871dd122f61258a80d01751d603b4d3ee14095d65453b4e846e17d7  dejavu-fonts-ttf-2.37.tar.bz2
3e476657fdb6eeb38b277da3a48d0ac0113ecce5858ebdcddff2b629faed52b4  dhcpcd-10.5.2.tar.xz
90e5e93cc724e4ebe12ede80df1634063c7a855692685919bfe60b556c9bd09e  diffutils-3.10.tar.xz
0c00d4e5c97c8306e5fb932b348b34269c9c29a0e7df0e8e82958b407092bc19  dnsmasq-2.93.tar.xz
ccc8bbb3fb66a7e6f0392693533ac9c8bd4e6283dd1f66992e68ec4d4a9cdee7  dwl-v0.8.tar.gz
0d2e0bf80935c3392b73a60dbff82d8a6ef7ea88b806c2eea964b6837d3fd6c2  e2fsprogs-1.47.1.tar.gz
df76db71366d1d708365fc7a6c60ca48398f14367eb2b8954efc8897147ad871  elfutils-0.191.tar.bz2
8da4319102f24abbf7fff5ce9c416af848df163b29590e666d334cc1927f006f  eudev-3.2.14.tar.gz
908ed4db3a6b3a23a205d8fd4cf2a71089156f2aeae0f54656045aafad2dee32  execline-2.9.9.2.tar.gz
656ae1cc8da3b4ea513bb4e254f33e6243938084c0ec6239da873376b09985a7  expat-2.8.4.tar.xz
fc97f51029bb0e2c9f4e3bffefdaf678f0e039ee872b9de5c002a6d09c784d82  file-5.45.tar.gz
bfd19cb06cc71f3352d567e90284d8cdac02ac89774bbeadf0b533b0c11432fd  findutils-4.11.0.tar.xz
e87aae032bf07c26f85ac0ed3250998c37621d95f8bd748b31f15b33c45ee995  flex-2.6.4.tar.gz
ca9c16d3d11d0ff8c69d79dc0b47267e1329a69b39b799895604ed447d3ca90b  gawk-5.3.0.tar.xz
752b6f567beac83159c77a7680b1316bdd784738bff9a9d070112c09da90f6d9  gcc-14.4.0.tar.xz
6a24504a14de4a744103dcb936be976df6fbe88ccff26065e54c1c47946f4a5e  gdbm-1.26.tar.gz
fe10c37353213d78a5b83d48af231e005c4da84db5ce88037d88355938259640  gettext-0.22.5.tar.xz
643552db030e2f2d7ffde4f558e0f5f83d3fabf34a2e0e56ebdb49750ac27b0d  glibc-2.40-fhs-1.patch
19a890175e9263d748f627993de6f4b1af9cd21e03f080e4bfb3a1fac10205a2  glibc-2.40.tar.xz
a3c2b80201b89e68616f4ad30bc66aee4927c3ce50e33929ca819d5c43538898  gmp-6.3.0.tar.xz
588546b945bba4b70b6a3a616e80b4ab466e3f33024a352fc2198112cdbb3ae2  gperf-3.1.tar.gz
1db2aedde89d0dea42b16d9528f894c8d15dae4e190b59aecc78f5a951276eab  grep-3.11.tar.xz
6b9757f592b7518b4902eb6af7e54570bdccba37a871fddb2d30ae3863511c13  groff-1.23.0.tar.gz
7454eb6935db17c6655576c2e1b0fabefd38b4d0936e0f87f48cd062ce91a057  gzip-1.13.tar.xz
b4f819bfc3b0f8ea967018948dbf3a71f174a02886d00ee16121739fcd140d6f  havoc-0.7.0.tar.gz
d75462181fbd307228e0a48b8d1449f1773ea4b1f17e8a1d56346907f999ce33  hwdata-0.411.tar.gz
672dbe1ba52b889a46dc07ee3876664ed601983239f82d729d02a002475a5b66  iana-etc-20240806.tar.gz
57b3cf4f77555992881e5ba2a09a63b05aa2c56342a60ed4305b5f45938390b5  inetutils-2.8.tar.gz
4c2fa124c2cf0afd7ca34d1eeacba6ba048a56f6374e2aab93dafbdbd4eea9c0  iproute2-7.2.0.tar.xz
6f213700dbf96b5cc4499ca70cb15ecd69c09f405b06785bb4a1a10b572b6276  iputils-20250605.tar.xz
7d182e498289ab39b257da6780d562e415377107f50358ee5b55b8cfe40b1e33  iw-6.17.tar.xz
f17a6d7d265cf840dfd8f0f46a606d98c6b5b26dc7cfe27275d1546a213086c8  json-c-0.19-20260627.tar.gz
6e5ca4f8d76ee9e3a8db700b667f13e12aac9933828a64e1aaad93d26be9b479  kbd-2.10.0.tar.xz
5a5d5073070cc7e0c7a7a3c6ec2a0e1780850c8b47b3e3892226b93ffcb9cb54  kmod-34.2.tar.xz
d1008fb78dcae1323ddab664bcb352a61f022b1b131bd8018548e021d975ec7a  less-710.tar.gz
2c44d1c5fd0d43752287c9ae1eb9c023f04ef848ea8d4aafa46e9aedb678200b  libaio-0.3.113.tar.gz
0d621e562fd932ccf67b9660fb018e468a683d7b827541df27813228c996bb11  libcap-2.78.tar.xz
43b180baa143e2035654759d84e2b2f5ee77d5fe817c423838c7fe59c0d68459  libdisplay-info-0.4.0.tar.xz
5978183f978d697e26a50ba066174964efb0ab97caa1ecaa1b861fbe5ddf77dc  libdrm-2.4.129.tar.xz
0caf824971108f15bb2ad356433bae198d7d3bf1e82d43f63626e069e060bfa6  libevdev-1.13.7.tar.xz
f3a3082a23b37c293a4fcd1053147b371f2ff91fa7ea1b2a52e335676bac82dc  libffi-3.5.2.tar.gz
c97ec2500d4a94ab4d4c9896039d731ea2eb55f6c69f46b12a036fdb5d3adcb2  libinput-1.30.4.tar.gz
274b9b919ef3152bfb3da3a13c950dd60d6e2bcd54230ffeca298d03b40d0525  libmnl-1.0.5.tar.bz2
c97abc3409f8fa396b4462b2bb7f147a3a47a4ddc97cfa0b2f18890c9cfde8b0  libnftnl-1.3.2.tar.xz
fc51ca7196f1a3f5fdf6ffd3864b50f4f9c02333be28be4eeca057e103c0dd18  libnl-3.12.0.tar.gz
b8b45194989022a79ec1317f64a2a75b1551b2a55bea06f67704cb2a2e4690b0  libpipeline-1.5.7.tar.gz
4f7f217f057ce655ff22559ad221a0fd8ef84ad1fc5fcb6990cecc333aa1635d  libtool-2.4.7.tar.xz
71513a31c01a428bccd5367a32fd95f115d6dac50fb5b60c779d5c7942aec071  libxcrypt-4.5.2.tar.xz
acc4d5f7c3cbba5f9f8d08d8bdbeede84ecede46792f47929aa9321873385528  libxkbcommon-1.13.2.tar.gz
d2fc041dab4e11d9645e3ba53be058faa52b8ce28a8a97c889bb2cacee170461  linux-6.18.50.tar.xz
f80dcb757a623deda62200c08e0e1a88c76fb6b54964f31b35fa74da1c90ccc5  linux-firmware-20260916.tar.xz
deda0b27a359bbee7b6e38ccea341fa91b46ceaf74d4d5945368d3f5dd4fa2e3  linux-hardened-v6.18.50-hardened1.patch
174b7f2866a60f3247ba75f5c7dbb10b124aede4a1359312de15f3bfebd2050f  lynx2.9.3.tar.bz2
63aede5c6d33b6d9b13511cd0be2cac046f2e70fd0a07aa9573a04a82783af96  m4-1.4.19.tar.xz
dd16fb1d67bfab79a72f5e8390735c49e3e8e70b4945a15ab1f81ddb78658fb3  make-4.4.1.tar.gz
ddee249daeb78cf92bab794ccd069cc8b575992265ea20e239e887156e880265  man-db-2.12.1.tar.xz
88afe0c20e52030218924ac37d0c81c59b4b5f3ae3752c8c6d7470c7d365886c  meson-1.12.0.tar.gz
7614616d7b2988c278060486f47de716ef44c19317928cb45ac9e288fafd5bd1  microcode-20260812.tar.gz
ab642492f5cf882b74aa0cb730cd410a81edcdbec895183ce930e706c1c759b8  mpc-1.3.1.tar.gz
b67ba0383ef7e8a8563734e2e889ef5ec3c3b898a01d00fa0a6869ad81c6ce01  mpfr-4.2.2.tar.xz
a107adad2101fecac54ac7f9f0e0a0dd155d954193da55c2340c97f2ff1d814e  mtdev-1.1.7.tar.bz2
05ecb99247b782e8a5b3a25ed4101dd034b0236902f7449bc9795b717642f7e9  nano-9.2.tar.xz
355b4cbbed880b0381a04c46617b7656e362585d52e9cf84a67e2009b749ff11  ncurses-6.6.tar.gz
a6fbf060d8d4fff001517a2b94f356bb4366bfbf0ba366366f9d27cc38caa58f  nftables-1.1.7.tar.xz
974d6b2f4eeefa25625d34da3cb36bdcebe7fbce40f4c16ac0835fd1c0cbae17  ninja-1.13.2.tar.gz
d44d28a839ea9daf969cc69150fde59910b2b39361dad81a3bd6cbd19218db11  openssh-10.5p1.tar.gz
a8f84a39918ec6415ce765d9b429d313ba97b8143169c172e734b9514464f5b2  openssl-3.5.8.tar.gz
f87cee69eec2b4fcbf60a396b030ad6aa3415f192aa5f7ee84cad5e11f7f5ae3  patch-2.8.tar.xz
1fe6f825b487d26c35aa51a35f52fe494d4cfc77b8051f8b1ee3391bf0289bc6  perl-5.40.5.tar.xz
d09c44ebc3bd5bee7021c79f922fe8fb2fb57f7320f55e97ff9914d2346a591c  pixman-0.46.4.tar.gz
3a9080ac51d03615e7c1910a0a2a8df08424892b5f13b0628a204d3fcce0ea8b  pkgconf-2.3.0.tar.xz
c25a4838fc8e4c1c8aacb8bd620edb3084a3d63bf8987fdad3ca2758c63240f9  popt-1.19.tar.gz
9d2021f47a4501c667862c9942a92d1953694b21d11bcd1702e83eb594e3d67d  procps-ng-4.0.7.tar.xz
58c55d9c1402474065adae669511c191de374b0871eec781239ab400b907c327  psmisc-23.7.tar.xz
3feb7171f16a84ee82ca18a36d7b9be109a52c04f492a053331d7d1095007c35  readline-8.2.tar.gz
eab9c46e22b66b16135f9a05ec68a0ea287d9060b84d10defaaa2caad158ab52  s6-2.15.1.0.tar.gz
6fad014da162c0c81924197c57d16e1a75c133b34a20e423431a1b741e907b1d  s6-linux-init-1.2.0.2.tar.gz
bf5b8ce0da5a4ee70d642b818b61d9916a7a9b64a457595f388113e54a188688  s6-rc-0.7.0.0.tar.gz
b8e72182b2ec96a3574e2998c47b7aaa64cc20ce000d8e9ac313cc07cecf28c7  sed-4.10.tar.xz
b78e3921a95d53282a38e90628880624736bf6235e36eea50c50835f59a3530b  shadow-4.16.0.tar.xz
f9c905e74935c6fe911c7e344e3e89d5fbd2014c1a04650b524b15ce9b5635d1  skalibs-2.15.1.0.tar.gz
4d62ff37342ec7aed748535323930c7cf94acf71c3591882b26a7ea50f3edc16  tar-1.35.tar.xz
deeec9f19f159e046fdf8ad22231981806dac332cc372f1c763504ad82b30953  texinfo-7.1.tar.xz
66ac7c0e725278eb2b039e3104f2c91119341d941b41bac7a285c695f940bd57  util-linux-2.42.3.tar.xz
2383e851b44fe74c9a5db32919b897af05f022e676e8d1184cc53594bb9b344c  v0.6.17.1.tar.gz
64176eaa46e4969903e286f8e5ef8331affc17fdf03ac9b58381d2b23162b7a3  wayland-1.26.0.tar.xz
ec4c8f74942d6dff7ace8b4ce4764f0ef9ff618a935d974ea77edee2ad240b14  wayland-protocols-1.49.tar.xz
b22e0901227b820cd1c280abe681a15b773a5103a5e10dc442e94ebb34cbf58d  wireless-regdb-2026.09.03.tar.xz
5d02693175e5afd9af5f10e3e4976d6e9249dc39a90eb17d23fa5f54b125ccc5  wlroots-0.19.3.tar.gz
08e23937e16d0155e55cab2b51f51fbe10d80a1aa91c4e15442645059b737ef6  wpa_supplicant-2.12.tar.gz
b77041324f0109f77161ee43743fe04baa485866af8460d31e476ad3f7648fd5  xkeyboard-config-2.48.tar.xz
4ce24038fd4221e0d13bc1a2de7a4db56e90b92b3bf75321f6c14be73f65de4b  xz-5.8.4.tar.xz
9a93b2b7dfdac77ceba5a558a580e74667dd6fede4585b91eefb60f03b72df23  zlib-1.3.1.tar.gz
8c29e06cf42aacc1eafc4077ae2ec6c6fcb96a626157e0593d5e82a34fd403c1  zstd-1.5.6.tar.gz
